
Microsoft Visual Studio Solution File, Format Version 12.00
# Visual Studio Version 17
VisualStudioVersion = 17.4.33213.308
MinimumVisualStudioVersion = 10.0.40219.1
Project("{FAE04EC0-301F-11D3-BF4B-00C04F79EFBC}") = "hw_01_task4", "hw_01_task4.csproj", "{46C5FCE9-1893-4142-863B-5747820DB3C2}"
EndProject
Global
	GlobalSection(SolutionConfigurationPlatforms) = preSolution
		Debug|Any CPU = Debug|Any CPU
		Release|Any CPU = Release|Any CPU
	EndGlobalSection
	GlobalSection(ProjectConfigurationPlatforms) = postSolution
		{46C5FCE9-1893-4142-863B-5747820DB3C2}.Debug|Any CPU.ActiveCfg = Debug|Any CPU
		{46C5FCE9-1893-4142-863B-5747820DB3C2}.Debug|Any CPU.Build.0 = Debug|Any CPU
		{46C5FCE9-1893-4142-863B-5747820DB3C2}.Release|Any CPU.ActiveCfg = Release|Any CPU
		{46C5FCE9-1893-4142-863B-5747820DB3C2}.Release|Any CPU.Build.0 = Release|Any CPU
	EndGlobalSection
	GlobalSection(SolutionProperties) = preSolution
		HideSolutionNode = FALSE
	EndGlobalSection
	GlobalSection(ExtensibilityGlobals) = postSolution
		SolutionGuid = {C16E62DB-DAF2-482C-A416-DB6258EDA1AF}
	EndGlobalSection
EndGlobal
