
Microsoft Visual Studio Solution File, Format Version 12.00
# Visual Studio Version 17
VisualStudioVersion = 17.4.33213.308
MinimumVisualStudioVersion = 10.0.40219.1
Project("{FAE04EC0-301F-11D3-BF4B-00C04F79EFBC}") = "hw_01_task5", "hw_01_task5.csproj", "{A2201A2D-850E-450C-A0FF-2CAF8D438F85}"
EndProject
Global
	GlobalSection(SolutionConfigurationPlatforms) = preSolution
		Debug|Any CPU = Debug|Any CPU
		Release|Any CPU = Release|Any CPU
	EndGlobalSection
	GlobalSection(ProjectConfigurationPlatforms) = postSolution
		{A2201A2D-850E-450C-A0FF-2CAF8D438F85}.Debug|Any CPU.ActiveCfg = Debug|Any CPU
		{A2201A2D-850E-450C-A0FF-2CAF8D438F85}.Debug|Any CPU.Build.0 = Debug|Any CPU
		{A2201A2D-850E-450C-A0FF-2CAF8D438F85}.Release|Any CPU.ActiveCfg = Release|Any CPU
		{A2201A2D-850E-450C-A0FF-2CAF8D438F85}.Release|Any CPU.Build.0 = Release|Any CPU
	EndGlobalSection
	GlobalSection(SolutionProperties) = preSolution
		HideSolutionNode = FALSE
	EndGlobalSection
	GlobalSection(ExtensibilityGlobals) = postSolution
		SolutionGuid = {6F003A83-D922-4BC8-BBED-655D31248A4C}
	EndGlobalSection
EndGlobal
